
Microsoft Visual Studio Solution File, Format Version 12.00
# Visual Studio Version 16
VisualStudioVersion = 16.0.29326.143
MinimumVisualStudioVersion = 10.0.40219.1
Project("{FAE04EC0-301F-11D3-BF4B-00C04F79EFBC}") = "AsyncRead", "AsyncRead\AsyncRead.csproj", "{3B320227-DCC5-4F3F-884D-7DCD98F16E10}"
EndProject
Global
	GlobalSection(SolutionConfigurationPlatforms) = preSolution
		Debug|Any CPU = Debug|Any CPU
		Release|Any CPU = Release|Any CPU
	EndGlobalSection
	GlobalSection(ProjectConfigurationPlatforms) = postSolution
		{3B320227-DCC5-4F3F-884D-7DCD98F16E10}.Debug|Any CPU.ActiveCfg = Debug|Any CPU
		{3B320227-DCC5-4F3F-884D-7DCD98F16E10}.Debug|Any CPU.Build.0 = Debug|Any CPU
		{3B320227-DCC5-4F3F-884D-7DCD98F16E10}.Release|Any CPU.ActiveCfg = Release|Any CPU
		{3B320227-DCC5-4F3F-884D-7DCD98F16E10}.Release|Any CPU.Build.0 = Release|Any CPU
	EndGlobalSection
	GlobalSection(SolutionProperties) = preSolution
		HideSolutionNode = FALSE
	EndGlobalSection
	GlobalSection(ExtensibilityGlobals) = postSolution
		SolutionGuid = {75F314C6-4E52-4194-AD4F-EE3AC5AD3A44}
	EndGlobalSection
EndGlobal
